// !$*UTF8*$!
{
	archiveVersion = 1;
	classes = {
	};
	objectVersion = 77;
	objects = {

/* Begin PBXBuildFile section */
		C1FA209D2EEDA93D00CC79AD /* RxCocoa in Frameworks */ = {isa = PBXBuildFile; productRef = C1FA209C2EEDA93D00CC79AD /* RxCocoa */; };
		C1FA209F2EEDA93D00CC79AD /* RxSwift in Frameworks */ = {isa = PBXBuildFile; productRef = C1FA209E2EEDA93D00CC79AD /* RxSwift */; };
		C1FA20A22EEDA94F00CC79AD /* SDWebImageSwiftUI in Frameworks */ = {isa = PBXBuildFile; productRef = C1FA20A12EEDA94F00CC79AD /* SDWebImageSwiftUI */; };
		C1FA20A52EEDA96000CC79AD /* Alamofire in Frameworks */ = {isa = PBXBuildFile; productRef = C1FA20A42EEDA96000CC79AD /* Alamofire */; };
		C1FA20A82EEDA98800CC79AD /* RealmSwift in Frameworks */ = {isa = PBXBuildFile; productRef = C1FA20A72EEDA98800CC79AD /* RealmSwift */; };
		C1FA20AE2EEDB38B00CC79AD /* CachedAsyncImage in Frameworks */ = {isa = PBXBuildFile; productRef = C1FA20AD2EEDB38B00CC79AD /* CachedAsyncImage */; };
		C1FA20B22EEDC0F100CC79AD /* RxTest in Frameworks */ = {isa = PBXBuildFile; productRef = C1FA20B12EEDC0F100CC79AD /* RxTest */; };
		C1FA20B52EEDC10D00CC79AD /* RxBlocking in Frameworks */ = {isa = PBXBuildFile; productRef = C1FA20B42EEDC10D00CC79AD /* RxBlocking */; };
		C1FA20B72EEDC25000CC79AD /* SDWebImageSwiftUI in Frameworks */ = {isa = PBXBuildFile; productRef = C1FA20B62EEDC25000CC79AD /* SDWebImageSwiftUI */; };
		C1FA20B92EEDC25A00CC79AD /* Realm in Frameworks */ = {isa = PBXBuildFile; productRef = C1FA20B82EEDC25A00CC79AD /* Realm */; };
		C1FA20BC2EEDC26700CC79AD /* Realm in Embed Frameworks */ = {isa = PBXBuildFile; productRef = C1FA20B82EEDC25A00CC79AD /* Realm */; settings = {ATTRIBUTES = (CodeSignOnCopy, ); }; };
/* End PBXBuildFile section */

/* Begin PBXContainerItemProxy section */
		C1C66F772EE744FF00A7B2DD /* PBXContainerItemProxy */ = {
			isa = PBXContainerItemProxy;
			containerPortal = C1C66F582EE744FD00A7B2DD /* Project object */;
			proxyType = 1;
			remoteGlobalIDString = C1C66F5F2EE744FD00A7B2DD;
			remoteInfo = Capy4Fun;
		};
/* End PBXContainerItemProxy section */

/* Begin PBXCopyFilesBuildPhase section */
		C1FA20BB2EEDC25A00CC79AD /* Embed Frameworks */ = {
			isa = PBXCopyFilesBuildPhase;
			buildActionMask = 2147483647;
			dstPath = "";
			dstSubfolderSpec = 10;
			files = (
				C1FA20BC2EEDC26700CC79AD /* Realm in Embed Frameworks */,
			);
			name = "Embed Frameworks";
			runOnlyForDeploymentPostprocessing = 0;
		};
/* End PBXCopyFilesBuildPhase section */

/* Begin PBXFileReference section */
		C1C66F602EE744FD00A7B2DD /* Capy4Fun.app */ = {isa = PBXFileReference; explicitFileType = wrapper.application; includeInIndex = 0; path = Capy4Fun.app; sourceTree = BUILT_PRODUCTS_DIR; };
		C1C66F762EE744FF00A7B2DD /* Capy4FunTests.xctest */ = {isa = PBXFileReference; explicitFileType = wrapper.cfbundle; includeInIndex = 0; path = Capy4FunTests.xctest; sourceTree = BUILT_PRODUCTS_DIR; };
/* End PBXFileReference section */

/* Begin PBXFileSystemSynchronizedBuildFileExceptionSet section */
		C1C66F882EE744FF00A7B2DD /* Exceptions for "Capy4Fun" folder in "Capy4Fun" target */ = {
			isa = PBXFileSystemSynchronizedBuildFileExceptionSet;
			membershipExceptions = (
				"Supporting Files/Info.plist",
			);
			target = C1C66F5F2EE744FD00A7B2DD /* Capy4Fun */;
		};
		C1FA20BE2EEDC33000CC79AD /* Exceptions for "Capy4Fun" folder in "Capy4FunTests" target */ = {
			isa = PBXFileSystemSynchronizedBuildFileExceptionSet;
			membershipExceptions = (
				Core/Domain/Model/CapybaraModel.swift,
			);
			target = C1C66F752EE744FF00A7B2DD /* Capy4FunTests */;
		};
/* End PBXFileSystemSynchronizedBuildFileExceptionSet section */

/* Begin PBXFileSystemSynchronizedRootGroup section */
		C1C66F622EE744FD00A7B2DD /* Capy4Fun */ = {
			isa = PBXFileSystemSynchronizedRootGroup;
			exceptions = (
				C1C66F882EE744FF00A7B2DD /* Exceptions for "Capy4Fun" folder in "Capy4Fun" target */,
				C1FA20BE2EEDC33000CC79AD /* Exceptions for "Capy4Fun" folder in "Capy4FunTests" target */,
			);
			path = Capy4Fun;
			sourceTree = "<group>";
		};
		C1C66F792EE744FF00A7B2DD /* Capy4FunTests */ = {
			isa = PBXFileSystemSynchronizedRootGroup;
			path = Capy4FunTests;
			sourceTree = "<group>";
		};
/* End PBXFileSystemSynchronizedRootGroup section */

/* Begin PBXFrameworksBuildPhase section */
		C1C66F5D2EE744FD00A7B2DD /* Frameworks */ = {
			isa = PBXFrameworksBuildPhase;
			buildActionMask = 2147483647;
			files = (
				C1FA20A22EEDA94F00CC79AD /* SDWebImageSwiftUI in Frameworks */,
				C1FA20A52EEDA96000CC79AD /* Alamofire in Frameworks */,
				C1FA209F2EEDA93D00CC79AD /* RxSwift in Frameworks */,
				C1FA20AE2EEDB38B00CC79AD /* CachedAsyncImage in Frameworks */,
				C1FA20A82EEDA98800CC79AD /* RealmSwift in Frameworks */,
				C1FA209D2EEDA93D00CC79AD /* RxCocoa in Frameworks */,
			);
			runOnlyForDeploymentPostprocessing = 0;
		};
		C1C66F732EE744FF00A7B2DD /* Frameworks */ = {
			isa = PBXFrameworksBuildPhase;
			buildActionMask = 2147483647;
			files = (
				C1FA20B72EEDC25000CC79AD /* SDWebImageSwiftUI in Frameworks */,
				C1FA20B22EEDC0F100CC79AD /* RxTest in Frameworks */,
				C1FA20B92EEDC25A00CC79AD /* Realm in Frameworks */,
				C1FA20B52EEDC10D00CC79AD /* RxBlocking in Frameworks */,
			);
			runOnlyForDeploymentPostprocessing = 0;
		};
/* End PBXFrameworksBuildPhase section */

/* Begin PBXGroup section */
		C1C66F572EE744FD00A7B2DD = {
			isa = PBXGroup;
			children = (
				C1C66F622EE744FD00A7B2DD /* Capy4Fun */,
				C1C66F792EE744FF00A7B2DD /* Capy4FunTests */,
				C1FA20B32EEDC10D00CC79AD /* Frameworks */,
				C1C66F612EE744FD00A7B2DD /* Products */,
			);
			sourceTree = "<group>";
		};
		C1C66F612EE744FD00A7B2DD /* Products */ = {
			isa = PBXGroup;
			children = (
				C1C66F602EE744FD00A7B2DD /* Capy4Fun.app */,
				C1C66F762EE744FF00A7B2DD /* Capy4FunTests.xctest */,
			);
			name = Products;
			sourceTree = "<group>";
		};
		C1FA20B32EEDC10D00CC79AD /* Frameworks */ = {
			isa = PBXGroup;
			children = (
			);
			name = Frameworks;
			sourceTree = "<group>";
		};
/* End PBXGroup section */

/* Begin PBXNativeTarget section */
		C1C66F5F2EE744FD00A7B2DD /* Capy4Fun */ = {
			isa = PBXNativeTarget;
			buildConfigurationList = C1C66F892EE744FF00A7B2DD /* Build configuration list for PBXNativeTarget "Capy4Fun" */;
			buildPhases = (
				C1C66F5C2EE744FD00A7B2DD /* Sources */,
				C1C66F5D2EE744FD00A7B2DD /* Frameworks */,
				C1C66F5E2EE744FD00A7B2DD /* Resources */,
				C1463D022EE8773100DB9498 /* ShellScript */,
			);
			buildRules = (
			);
			dependencies = (
			);
			fileSystemSynchronizedGroups = (
				C1C66F622EE744FD00A7B2DD /* Capy4Fun */,
			);
			name = Capy4Fun;
			packageProductDependencies = (
				C1FA209C2EEDA93D00CC79AD /* RxCocoa */,
				C1FA209E2EEDA93D00CC79AD /* RxSwift */,
				C1FA20A12EEDA94F00CC79AD /* SDWebImageSwiftUI */,
				C1FA20A42EEDA96000CC79AD /* Alamofire */,
				C1FA20A72EEDA98800CC79AD /* RealmSwift */,
				C1FA20AD2EEDB38B00CC79AD /* CachedAsyncImage */,
			);
			productName = Capy4Fun;
			productReference = C1C66F602EE744FD00A7B2DD /* Capy4Fun.app */;
			productType = "com.apple.product-type.application";
		};
		C1C66F752EE744FF00A7B2DD /* Capy4FunTests */ = {
			isa = PBXNativeTarget;
			buildConfigurationList = C1C66F8E2EE744FF00A7B2DD /* Build configuration list for PBXNativeTarget "Capy4FunTests" */;
			buildPhases = (
				C1C66F722EE744FF00A7B2DD /* Sources */,
				C1C66F732EE744FF00A7B2DD /* Frameworks */,
				C1C66F742EE744FF00A7B2DD /* Resources */,
				C1FA20BB2EEDC25A00CC79AD /* Embed Frameworks */,
			);
			buildRules = (
			);
			dependencies = (
				C1C66F782EE744FF00A7B2DD /* PBXTargetDependency */,
			);
			fileSystemSynchronizedGroups = (
				C1C66F792EE744FF00A7B2DD /* Capy4FunTests */,
			);
			name = Capy4FunTests;
			packageProductDependencies = (
				C1FA20B12EEDC0F100CC79AD /* RxTest */,
				C1FA20B42EEDC10D00CC79AD /* RxBlocking */,
				C1FA20B62EEDC25000CC79AD /* SDWebImageSwiftUI */,
				C1FA20B82EEDC25A00CC79AD /* Realm */,
			);
			productName = Capy4FunTests;
			productReference = C1C66F762EE744FF00A7B2DD /* Capy4FunTests.xctest */;
			productType = "com.apple.product-type.bundle.unit-test";
		};
/* End PBXNativeTarget section */

/* Begin PBXProject section */
		C1C66F582EE744FD00A7B2DD /* Project object */ = {
			isa = PBXProject;
			attributes = {
				BuildIndependentTargetsInParallel = 1;
				LastSwiftUpdateCheck = 2610;
				LastUpgradeCheck = 2610;
				TargetAttributes = {
					C1C66F5F2EE744FD00A7B2DD = {
						CreatedOnToolsVersion = 26.1.1;
					};
					C1C66F752EE744FF00A7B2DD = {
						CreatedOnToolsVersion = 26.1.1;
						TestTargetID = C1C66F5F2EE744FD00A7B2DD;
					};
				};
			};
			buildConfigurationList = C1C66F5B2EE744FD00A7B2DD /* Build configuration list for PBXProject "Capy4Fun" */;
			developmentRegion = en;
			hasScannedForEncodings = 0;
			knownRegions = (
				en,
				Base,
			);
			mainGroup = C1C66F572EE744FD00A7B2DD;
			minimizedProjectReferenceProxies = 1;
			packageReferences = (
				C1FA209B2EEDA93D00CC79AD /* XCRemoteSwiftPackageReference "RxSwift" */,
				C1FA20A02EEDA94F00CC79AD /* XCRemoteSwiftPackageReference "SDWebImageSwiftUI" */,
				C1FA20A32EEDA96000CC79AD /* XCRemoteSwiftPackageReference "Alamofire" */,
				C1FA20A62EEDA98800CC79AD /* XCRemoteSwiftPackageReference "realm-swift" */,
				C1FA20AC2EEDB38B00CC79AD /* XCRemoteSwiftPackageReference "swiftui-cached-async-image" */,
			);
			preferredProjectObjectVersion = 77;
			productRefGroup = C1C66F612EE744FD00A7B2DD /* Products */;
			projectDirPath = "";
			projectRoot = "";
			targets = (
				C1C66F5F2EE744FD00A7B2DD /* Capy4Fun */,
				C1C66F752EE744FF00A7B2DD /* Capy4FunTests */,
			);
		};
/* End PBXProject section */

/* Begin PBXResourcesBuildPhase section */
		C1C66F5E2EE744FD00A7B2DD /* Resources */ = {
			isa = PBXResourcesBuildPhase;
			buildActionMask = 2147483647;
			files = (
			);
			runOnlyForDeploymentPostprocessing = 0;
		};
		C1C66F742EE744FF00A7B2DD /* Resources */ = {
			isa = PBXResourcesBuildPhase;
			buildActionMask = 2147483647;
			files = (
			);
			runOnlyForDeploymentPostprocessing = 0;
		};
/* End PBXResourcesBuildPhase section */

/* Begin PBXShellScriptBuildPhase section */
		C1463D022EE8773100DB9498 /* ShellScript */ = {
			isa = PBXShellScriptBuildPhase;
			alwaysOutOfDate = 1;
			buildActionMask = 2147483647;
			files = (
			);
			inputFileListPaths = (
			);
			inputPaths = (
			);
			outputFileListPaths = (
			);
			outputPaths = (
			);
			runOnlyForDeploymentPostprocessing = 0;
			shellPath = /bin/sh;
			shellScript = "SWIFTLINT_EXECUTABLE=\"${BUILD_DIR%Build/*}SourcePackages/checkouts/SwiftLint/.build/release/swiftlint\"\n\n# Hanya jalankan linting jika executable ada.\nif [ -f \"$SWIFTLINT_EXECUTABLE\" ]; then\n  echo \"Running SwiftLint via SPM...\"\n  \"$SWIFTLINT_EXECUTABLE\"\nelse\n  echo \"warning: SwiftLint executable not found. Make sure the dependency is correctly added and the target has been built once.\"\n  exit 0\nfi\n";
		};
/* End PBXShellScriptBuildPhase section */

/* Begin PBXSourcesBuildPhase section */
		C1C66F5C2EE744FD00A7B2DD /* Sources */ = {
			isa = PBXSourcesBuildPhase;
			buildActionMask = 2147483647;
			files = (
			);
			runOnlyForDeploymentPostprocessing = 0;
		};
		C1C66F722EE744FF00A7B2DD /* Sources */ = {
			isa = PBXSourcesBuildPhase;
			buildActionMask = 2147483647;
			files = (
			);
			runOnlyForDeploymentPostprocessing = 0;
		};
/* End PBXSourcesBuildPhase section */

/* Begin PBXTargetDependency section */
		C1C66F782EE744FF00A7B2DD /* PBXTargetDependency */ = {
			isa = PBXTargetDependency;
			target = C1C66F5F2EE744FD00A7B2DD /* Capy4Fun */;
			targetProxy = C1C66F772EE744FF00A7B2DD /* PBXContainerItemProxy */;
		};
/* End PBXTargetDependency section */

/* Begin XCBuildConfiguration section */
		C1C66F8A2EE744FF00A7B2DD /* Debug */ = {
			isa = XCBuildConfiguration;
			buildSettings = {
				ASSETCATALOG_COMPILER_APPICON_NAME = AppIcon;
				ASSETCATALOG_COMPILER_GLOBAL_ACCENT_COLOR_NAME = AccentColor;
				CODE_SIGN_STYLE = Automatic;
				CURRENT_PROJECT_VERSION = 1;
				DEVELOPMENT_TEAM = CU68DCDFXC;
				GENERATE_INFOPLIST_FILE = YES;
				INFOPLIST_FILE = "Capy4Fun/Supporting Files/Info.plist";
				INFOPLIST_KEY_UIApplicationSupportsIndirectInputEvents = YES;
				INFOPLIST_KEY_UILaunchStoryboardName = LaunchScreen;
				INFOPLIST_KEY_UISupportedInterfaceOrientations_iPad = "UIInterfaceOrientationPortrait UIInterfaceOrientationPortraitUpsideDown UIInterfaceOrientationLandscapeLeft UIInterfaceOrientationLandscapeRight";
				INFOPLIST_KEY_UISupportedInterfaceOrientations_iPhone = "UIInterfaceOrientationPortrait UIInterfaceOrientationLandscapeLeft UIInterfaceOrientationLandscapeRight";
				LD_RUNPATH_SEARCH_PATHS = (
					"$(inherited)",
					"@executable_path/Frameworks",
				);
				MARKETING_VERSION = 1.0;
				PRODUCT_BUNDLE_IDENTIFIER = com.zgenit.dcdg.Capyb4Fun;
				PRODUCT_NAME = "$(TARGET_NAME)";
				STRING_CATALOG_GENERATE_SYMBOLS = YES;
				SWIFT_APPROACHABLE_CONCURRENCY = YES;
				SWIFT_DEFAULT_ACTOR_ISOLATION = MainActor;
				SWIFT_EMIT_LOC_STRINGS = YES;
				SWIFT_UPCOMING_FEATURE_MEMBER_IMPORT_VISIBILITY = YES;
				SWIFT_VERSION = 5.0;
				TARGETED_DEVICE_FAMILY = "1,2";
			};
			name = Debug;
		};
		C1C66F8B2EE744FF00A7B2DD /* Release */ = {
			isa = XCBuildConfiguration;
			buildSettings = {
				ASSETCATALOG_COMPILER_APPICON_NAME = AppIcon;
				ASSETCATALOG_COMPILER_GLOBAL_ACCENT_COLOR_NAME = AccentColor;
				CODE_SIGN_STYLE = Automatic;
				CURRENT_PROJECT_VERSION = 1;
				DEVELOPMENT_TEAM = CU68DCDFXC;
				GENERATE_INFOPLIST_FILE = YES;
				INFOPLIST_FILE = "Capy4Fun/Supporting Files/Info.plist";
				INFOPLIST_KEY_UIApplicationSupportsIndirectInputEvents = YES;
				INFOPLIST_KEY_UILaunchStoryboardName = LaunchScreen;
				INFOPLIST_KEY_UISupportedInterfaceOrientations_iPad = "UIInterfaceOrientationPortrait UIInterfaceOrientationPortraitUpsideDown UIInterfaceOrientationLandscapeLeft UIInterfaceOrientationLandscapeRight";
				INFOPLIST_KEY_UISupportedInterfaceOrientations_iPhone = "UIInterfaceOrientationPortrait UIInterfaceOrientationLandscapeLeft UIInterfaceOrientationLandscapeRight";
				LD_RUNPATH_SEARCH_PATHS = (
					"$(inherited)",
					"@executable_path/Frameworks",
				);
				MARKETING_VERSION = 1.0;
				PRODUCT_BUNDLE_IDENTIFIER = com.zgenit.dcdg.Capyb4Fun;
				PRODUCT_NAME = "$(TARGET_NAME)";
				STRING_CATALOG_GENERATE_SYMBOLS = YES;
				SWIFT_APPROACHABLE_CONCURRENCY = YES;
				SWIFT_DEFAULT_ACTOR_ISOLATION = MainActor;
				SWIFT_EMIT_LOC_STRINGS = YES;
				SWIFT_UPCOMING_FEATURE_MEMBER_IMPORT_VISIBILITY = YES;
				SWIFT_VERSION = 5.0;
				TARGETED_DEVICE_FAMILY = "1,2";
			};
			name = Release;
		};
		C1C66F8C2EE744FF00A7B2DD /* Debug */ = {
			isa = XCBuildConfiguration;
			buildSettings = {
				ALWAYS_SEARCH_USER_PATHS = NO;
				ASSETCATALOG_COMPILER_GENERATE_SWIFT_ASSET_SYMBOL_EXTENSIONS = YES;
				CLANG_ANALYZER_NONNULL = YES;
				CLANG_ANALYZER_NUMBER_OBJECT_CONVERSION = YES_AGGRESSIVE;
				CLANG_CXX_LANGUAGE_STANDARD = "gnu++20";
				CLANG_ENABLE_MODULES = YES;
				CLANG_ENABLE_OBJC_ARC = YES;
				CLANG_ENABLE_OBJC_WEAK = YES;
				CLANG_WARN_BLOCK_CAPTURE_AUTORELEASING = YES;
				CLANG_WARN_BOOL_CONVERSION = YES;
				CLANG_WARN_COMMA = YES;
				CLANG_WARN_CONSTANT_CONVERSION = YES;
				CLANG_WARN_DEPRECATED_OBJC_IMPLEMENTATIONS = YES;
				CLANG_WARN_DIRECT_OBJC_ISA_USAGE = YES_ERROR;
				CLANG_WARN_DOCUMENTATION_COMMENTS = YES;
				CLANG_WARN_EMPTY_BODY = YES;
				CLANG_WARN_ENUM_CONVERSION = YES;
				CLANG_WARN_INFINITE_RECURSION = YES;
				CLANG_WARN_INT_CONVERSION = YES;
				CLANG_WARN_NON_LITERAL_NULL_CONVERSION = YES;
				CLANG_WARN_OBJC_IMPLICIT_RETAIN_SELF = YES;
				CLANG_WARN_OBJC_LITERAL_CONVERSION = YES;
				CLANG_WARN_OBJC_ROOT_CLASS = YES_ERROR;
				CLANG_WARN_QUOTED_INCLUDE_IN_FRAMEWORK_HEADER = YES;
				CLANG_WARN_RANGE_LOOP_ANALYSIS = YES;
				CLANG_WARN_STRICT_PROTOTYPES = YES;
				CLANG_WARN_SUSPICIOUS_MOVE = YES;
				CLANG_WARN_UNGUARDED_AVAILABILITY = YES_AGGRESSIVE;
				CLANG_WARN_UNREACHABLE_CODE = YES;
				CLANG_WARN__DUPLICATE_METHOD_MATCH = YES;
				COPY_PHASE_STRIP = NO;
				DEBUG_INFORMATION_FORMAT = dwarf;
				DEVELOPMENT_TEAM = CU68DCDFXC;
				ENABLE_STRICT_OBJC_MSGSEND = YES;
				ENABLE_TESTABILITY = YES;
				ENABLE_USER_SCRIPT_SANDBOXING = YES;
				GCC_C_LANGUAGE_STANDARD = gnu17;
				GCC_DYNAMIC_NO_PIC = NO;
				GCC_NO_COMMON_BLOCKS = YES;
				GCC_OPTIMIZATION_LEVEL = 0;
				GCC_PREPROCESSOR_DEFINITIONS = (
					"DEBUG=1",
					"$(inherited)",
				);
				GCC_WARN_64_TO_32_BIT_CONVERSION = YES;
				GCC_WARN_ABOUT_RETURN_TYPE = YES_ERROR;
				GCC_WARN_UNDECLARED_SELECTOR = YES;
				GCC_WARN_UNINITIALIZED_AUTOS = YES_AGGRESSIVE;
				GCC_WARN_UNUSED_FUNCTION = YES;
				GCC_WARN_UNUSED_VARIABLE = YES;
				IPHONEOS_DEPLOYMENT_TARGET = 26.1;
				LOCALIZATION_PREFERS_STRING_CATALOGS = YES;
				MTL_ENABLE_DEBUG_INFO = INCLUDE_SOURCE;
				MTL_FAST_MATH = YES;
				ONLY_ACTIVE_ARCH = YES;
				SDKROOT = iphoneos;
				SWIFT_ACTIVE_COMPILATION_CONDITIONS = "DEBUG $(inherited)";
				SWIFT_OPTIMIZATION_LEVEL = "-Onone";
			};
			name = Debug;
		};
		C1C66F8D2EE744FF00A7B2DD /* Release */ = {
			isa = XCBuildConfiguration;
			buildSettings = {
				ALWAYS_SEARCH_USER_PATHS = NO;
				ASSETCATALOG_COMPILER_GENERATE_SWIFT_ASSET_SYMBOL_EXTENSIONS = YES;
				CLANG_ANALYZER_NONNULL = YES;
				CLANG_ANALYZER_NUMBER_OBJECT_CONVERSION = YES_AGGRESSIVE;
				CLANG_CXX_LANGUAGE_STANDARD = "gnu++20";
				CLANG_ENABLE_MODULES = YES;
				CLANG_ENABLE_OBJC_ARC = YES;
				CLANG_ENABLE_OBJC_WEAK = YES;
				CLANG_WARN_BLOCK_CAPTURE_AUTORELEASING = YES;
				CLANG_WARN_BOOL_CONVERSION = YES;
				CLANG_WARN_COMMA = YES;
				CLANG_WARN_CONSTANT_CONVERSION = YES;
				CLANG_WARN_DEPRECATED_OBJC_IMPLEMENTATIONS = YES;
				CLANG_WARN_DIRECT_OBJC_ISA_USAGE = YES_ERROR;
				CLANG_WARN_DOCUMENTATION_COMMENTS = YES;
				CLANG_WARN_EMPTY_BODY = YES;
				CLANG_WARN_ENUM_CONVERSION = YES;
				CLANG_WARN_INFINITE_RECURSION = YES;
				CLANG_WARN_INT_CONVERSION = YES;
				CLANG_WARN_NON_LITERAL_NULL_CONVERSION = YES;
				CLANG_WARN_OBJC_IMPLICIT_RETAIN_SELF = YES;
				CLANG_WARN_OBJC_LITERAL_CONVERSION = YES;
				CLANG_WARN_OBJC_ROOT_CLASS = YES_ERROR;
				CLANG_WARN_QUOTED_INCLUDE_IN_FRAMEWORK_HEADER = YES;
				CLANG_WARN_RANGE_LOOP_ANALYSIS = YES;
				CLANG_WARN_STRICT_PROTOTYPES = YES;
				CLANG_WARN_SUSPICIOUS_MOVE = YES;
				CLANG_WARN_UNGUARDED_AVAILABILITY = YES_AGGRESSIVE;
				CLANG_WARN_UNREACHABLE_CODE = YES;
				CLANG_WARN__DUPLICATE_METHOD_MATCH = YES;
				COPY_PHASE_STRIP = NO;
				DEBUG_INFORMATION_FORMAT = "dwarf-with-dsym";
				DEVELOPMENT_TEAM = CU68DCDFXC;
				ENABLE_NS_ASSERTIONS = NO;
				ENABLE_STRICT_OBJC_MSGSEND = YES;
				ENABLE_USER_SCRIPT_SANDBOXING = YES;
				GCC_C_LANGUAGE_STANDARD = gnu17;
				GCC_NO_COMMON_BLOCKS = YES;
				GCC_WARN_64_TO_32_BIT_CONVERSION = YES;
				GCC_WARN_ABOUT_RETURN_TYPE = YES_ERROR;
				GCC_WARN_UNDECLARED_SELECTOR = YES;
				GCC_WARN_UNINITIALIZED_AUTOS = YES_AGGRESSIVE;
				GCC_WARN_UNUSED_FUNCTION = YES;
				GCC_WARN_UNUSED_VARIABLE = YES;
				IPHONEOS_DEPLOYMENT_TARGET = 26.1;
				LOCALIZATION_PREFERS_STRING_CATALOGS = YES;
				MTL_ENABLE_DEBUG_INFO = NO;
				MTL_FAST_MATH = YES;
				SDKROOT = iphoneos;
				SWIFT_COMPILATION_MODE = wholemodule;
				VALIDATE_PRODUCT = YES;
			};
			name = Release;
		};
		C1C66F8F2EE744FF00A7B2DD /* Debug */ = {
			isa = XCBuildConfiguration;
			buildSettings = {
				BUNDLE_LOADER = "$(TEST_HOST)";
				CODE_SIGN_STYLE = Automatic;
				CURRENT_PROJECT_VERSION = 1;
				DEVELOPMENT_TEAM = CU68DCDFXC;
				GENERATE_INFOPLIST_FILE = YES;
				IPHONEOS_DEPLOYMENT_TARGET = 26.1;
				MARKETING_VERSION = 1.0;
				PRODUCT_BUNDLE_IDENTIFIER = com.zgenit.dcdg.Capy4FunTests;
				PRODUCT_NAME = "$(TARGET_NAME)";
				STRING_CATALOG_GENERATE_SYMBOLS = NO;
				SWIFT_APPROACHABLE_CONCURRENCY = YES;
				SWIFT_EMIT_LOC_STRINGS = NO;
				SWIFT_UPCOMING_FEATURE_MEMBER_IMPORT_VISIBILITY = YES;
				SWIFT_VERSION = 5.0;
				TARGETED_DEVICE_FAMILY = "1,2";
				TEST_HOST = "$(BUILT_PRODUCTS_DIR)/Capy4Fun.app/$(BUNDLE_EXECUTABLE_FOLDER_PATH)/Capy4Fun";
			};
			name = Debug;
		};
		C1C66F902EE744FF00A7B2DD /* Release */ = {
			isa = XCBuildConfiguration;
			buildSettings = {
				BUNDLE_LOADER = "$(TEST_HOST)";
				CODE_SIGN_STYLE = Automatic;
				CURRENT_PROJECT_VERSION = 1;
				DEVELOPMENT_TEAM = CU68DCDFXC;
				GENERATE_INFOPLIST_FILE = YES;
				IPHONEOS_DEPLOYMENT_TARGET = 26.1;
				MARKETING_VERSION = 1.0;
				PRODUCT_BUNDLE_IDENTIFIER = com.zgenit.dcdg.Capy4FunTests;
				PRODUCT_NAME = "$(TARGET_NAME)";
				STRING_CATALOG_GENERATE_SYMBOLS = NO;
				SWIFT_APPROACHABLE_CONCURRENCY = YES;
				SWIFT_EMIT_LOC_STRINGS = NO;
				SWIFT_UPCOMING_FEATURE_MEMBER_IMPORT_VISIBILITY = YES;
				SWIFT_VERSION = 5.0;
				TARGETED_DEVICE_FAMILY = "1,2";
				TEST_HOST = "$(BUILT_PRODUCTS_DIR)/Capy4Fun.app/$(BUNDLE_EXECUTABLE_FOLDER_PATH)/Capy4Fun";
			};
			name = Release;
		};
/* End XCBuildConfiguration section */

/* Begin XCConfigurationList section */
		C1C66F5B2EE744FD00A7B2DD /* Build configuration list for PBXProject "Capy4Fun" */ = {
			isa = XCConfigurationList;
			buildConfigurations = (
				C1C66F8C2EE744FF00A7B2DD /* Debug */,
				C1C66F8D2EE744FF00A7B2DD /* Release */,
			);
			defaultConfigurationIsVisible = 0;
			defaultConfigurationName = Release;
		};
		C1C66F892EE744FF00A7B2DD /* Build configuration list for PBXNativeTarget "Capy4Fun" */ = {
			isa = XCConfigurationList;
			buildConfigurations = (
				C1C66F8A2EE744FF00A7B2DD /* Debug */,
				C1C66F8B2EE744FF00A7B2DD /* Release */,
			);
			defaultConfigurationIsVisible = 0;
			defaultConfigurationName = Release;
		};
		C1C66F8E2EE744FF00A7B2DD /* Build configuration list for PBXNativeTarget "Capy4FunTests" */ = {
			isa = XCConfigurationList;
			buildConfigurations = (
				C1C66F8F2EE744FF00A7B2DD /* Debug */,
				C1C66F902EE744FF00A7B2DD /* Release */,
			);
			defaultConfigurationIsVisible = 0;
			defaultConfigurationName = Release;
		};
/* End XCConfigurationList section */

/* Begin XCRemoteSwiftPackageReference section */
		C1FA209B2EEDA93D00CC79AD /* XCRemoteSwiftPackageReference "RxSwift" */ = {
			isa = XCRemoteSwiftPackageReference;
			repositoryURL = "https://github.com/ReactiveX/RxSwift";
			requirement = {
				kind = upToNextMajorVersion;
				minimumVersion = 6.9.1;
			};
		};
		C1FA20A02EEDA94F00CC79AD /* XCRemoteSwiftPackageReference "SDWebImageSwiftUI" */ = {
			isa = XCRemoteSwiftPackageReference;
			repositoryURL = "https://github.com/SDWebImage/SDWebImageSwiftUI";
			requirement = {
				kind = upToNextMajorVersion;
				minimumVersion = 3.1.4;
			};
		};
		C1FA20A32EEDA96000CC79AD /* XCRemoteSwiftPackageReference "Alamofire" */ = {
			isa = XCRemoteSwiftPackageReference;
			repositoryURL = "https://github.com/Alamofire/Alamofire";
			requirement = {
				kind = upToNextMajorVersion;
				minimumVersion = 5.10.2;
			};
		};
		C1FA20A62EEDA98800CC79AD /* XCRemoteSwiftPackageReference "realm-swift" */ = {
			isa = XCRemoteSwiftPackageReference;
			repositoryURL = "https://github.com/realm/realm-swift";
			requirement = {
				branch = master;
				kind = branch;
			};
		};
		C1FA20AC2EEDB38B00CC79AD /* XCRemoteSwiftPackageReference "swiftui-cached-async-image" */ = {
			isa = XCRemoteSwiftPackageReference;
			repositoryURL = "https://github.com/lorenzofiamingo/swiftui-cached-async-image";
			requirement = {
				kind = upToNextMajorVersion;
				minimumVersion = 2.1.1;
			};
		};
/* End XCRemoteSwiftPackageReference section */

/* Begin XCSwiftPackageProductDependency section */
		C1FA209C2EEDA93D00CC79AD /* RxCocoa */ = {
			isa = XCSwiftPackageProductDependency;
			package = C1FA209B2EEDA93D00CC79AD /* XCRemoteSwiftPackageReference "RxSwift" */;
			productName = RxCocoa;
		};
		C1FA209E2EEDA93D00CC79AD /* RxSwift */ = {
			isa = XCSwiftPackageProductDependency;
			package = C1FA209B2EEDA93D00CC79AD /* XCRemoteSwiftPackageReference "RxSwift" */;
			productName = RxSwift;
		};
		C1FA20A12EEDA94F00CC79AD /* SDWebImageSwiftUI */ = {
			isa = XCSwiftPackageProductDependency;
			package = C1FA20A02EEDA94F00CC79AD /* XCRemoteSwiftPackageReference "SDWebImageSwiftUI" */;
			productName = SDWebImageSwiftUI;
		};
		C1FA20A42EEDA96000CC79AD /* Alamofire */ = {
			isa = XCSwiftPackageProductDependency;
			package = C1FA20A32EEDA96000CC79AD /* XCRemoteSwiftPackageReference "Alamofire" */;
			productName = Alamofire;
		};
		C1FA20A72EEDA98800CC79AD /* RealmSwift */ = {
			isa = XCSwiftPackageProductDependency;
			package = C1FA20A62EEDA98800CC79AD /* XCRemoteSwiftPackageReference "realm-swift" */;
			productName = RealmSwift;
		};
		C1FA20AD2EEDB38B00CC79AD /* CachedAsyncImage */ = {
			isa = XCSwiftPackageProductDependency;
			package = C1FA20AC2EEDB38B00CC79AD /* XCRemoteSwiftPackageReference "swiftui-cached-async-image" */;
			productName = CachedAsyncImage;
		};
		C1FA20B12EEDC0F100CC79AD /* RxTest */ = {
			isa = XCSwiftPackageProductDependency;
			package = C1FA209B2EEDA93D00CC79AD /* XCRemoteSwiftPackageReference "RxSwift" */;
			productName = RxTest;
		};
		C1FA20B42EEDC10D00CC79AD /* RxBlocking */ = {
			isa = XCSwiftPackageProductDependency;
			package = C1FA209B2EEDA93D00CC79AD /* XCRemoteSwiftPackageReference "RxSwift" */;
			productName = RxBlocking;
		};
		C1FA20B62EEDC25000CC79AD /* SDWebImageSwiftUI */ = {
			isa = XCSwiftPackageProductDependency;
			package = C1FA20A02EEDA94F00CC79AD /* XCRemoteSwiftPackageReference "SDWebImageSwiftUI" */;
			productName = SDWebImageSwiftUI;
		};
		C1FA20B82EEDC25A00CC79AD /* Realm */ = {
			isa = XCSwiftPackageProductDependency;
			package = C1FA20A62EEDA98800CC79AD /* XCRemoteSwiftPackageReference "realm-swift" */;
			productName = Realm;
		};
/* End XCSwiftPackageProductDependency section */
	};
	rootObject = C1C66F582EE744FD00A7B2DD /* Project object */;
}
